
Microsoft Visual Studio Solution File, Format Version 12.00
# Visual Studio 15
VisualStudioVersion = 15.0.28307.1321
MinimumVisualStudioVersion = 10.0.40219.1
Project("{9A19103F-16F7-4668-BE54-9A1E7A4F7556}") = "CandidateMatch.Web", "CandidateMatch\CandidateMatch.Web.csproj", "{172EC2E2-9097-4060-9188-0D61C826FE04}"
EndProject
Project("{9A19103F-16F7-4668-BE54-9A1E7A4F7556}") = "CandidateMatch.Common", "CandidateMatch.Common\CandidateMatch.Common.csproj", "{2A31565A-0913-4ED9-A377-052C62F9D985}"
EndProject
Project("{9A19103F-16F7-4668-BE54-9A1E7A4F7556}") = "CandidateMatch.Data", "CandidateMatch.Data\CandidateMatch.Data.csproj", "{80CAAEDB-2AA8-4AAC-856A-A87390EAD53F}"
EndProject
Project("{9A19103F-16F7-4668-BE54-9A1E7A4F7556}") = "CandidateMatch.Services", "CandidateMatch.Services\CandidateMatch.Services.csproj", "{FA927E30-DE64-4F14-ABE6-CFA04CCC5522}"
EndProject
Project("{9A19103F-16F7-4668-BE54-9A1E7A4F7556}") = "CandidateMatch.Tests", "CandidateMatch.Tests\CandidateMatch.Tests.csproj", "{309826D9-5A64-4FC4-BF20-751AB41E5A7D}"
EndProject
Global
	GlobalSection(SolutionConfigurationPlatforms) = preSolution
		Debug|Any CPU = Debug|Any CPU
		Release|Any CPU = Release|Any CPU
	EndGlobalSection
	GlobalSection(ProjectConfigurationPlatforms) = postSolution
		{172EC2E2-9097-4060-9188-0D61C826FE04}.Debug|Any CPU.ActiveCfg = Debug|Any CPU
		{172EC2E2-9097-4060-9188-0D61C826FE04}.Debug|Any CPU.Build.0 = Debug|Any CPU
		{172EC2E2-9097-4060-9188-0D61C826FE04}.Release|Any CPU.ActiveCfg = Release|Any CPU
		{172EC2E2-9097-4060-9188-0D61C826FE04}.Release|Any CPU.Build.0 = Release|Any CPU
		{2A31565A-0913-4ED9-A377-052C62F9D985}.Debug|Any CPU.ActiveCfg = Debug|Any CPU
		{2A31565A-0913-4ED9-A377-052C62F9D985}.Debug|Any CPU.Build.0 = Debug|Any CPU
		{2A31565A-0913-4ED9-A377-052C62F9D985}.Release|Any CPU.ActiveCfg = Release|Any CPU
		{2A31565A-0913-4ED9-A377-052C62F9D985}.Release|Any CPU.Build.0 = Release|Any CPU
		{80CAAEDB-2AA8-4AAC-856A-A87390EAD53F}.Debug|Any CPU.ActiveCfg = Debug|Any CPU
		{80CAAEDB-2AA8-4AAC-856A-A87390EAD53F}.Debug|Any CPU.Build.0 = Debug|Any CPU
		{80CAAEDB-2AA8-4AAC-856A-A87390EAD53F}.Release|Any CPU.ActiveCfg = Release|Any CPU
		{80CAAEDB-2AA8-4AAC-856A-A87390EAD53F}.Release|Any CPU.Build.0 = Release|Any CPU
		{FA927E30-DE64-4F14-ABE6-CFA04CCC5522}.Debug|Any CPU.ActiveCfg = Debug|Any CPU
		{FA927E30-DE64-4F14-ABE6-CFA04CCC5522}.Debug|Any CPU.Build.0 = Debug|Any CPU
		{FA927E30-DE64-4F14-ABE6-CFA04CCC5522}.Release|Any CPU.ActiveCfg = Release|Any CPU
		{FA927E30-DE64-4F14-ABE6-CFA04CCC5522}.Release|Any CPU.Build.0 = Release|Any CPU
		{309826D9-5A64-4FC4-BF20-751AB41E5A7D}.Debug|Any CPU.ActiveCfg = Debug|Any CPU
		{309826D9-5A64-4FC4-BF20-751AB41E5A7D}.Debug|Any CPU.Build.0 = Debug|Any CPU
		{309826D9-5A64-4FC4-BF20-751AB41E5A7D}.Release|Any CPU.ActiveCfg = Release|Any CPU
		{309826D9-5A64-4FC4-BF20-751AB41E5A7D}.Release|Any CPU.Build.0 = Release|Any CPU
	EndGlobalSection
	GlobalSection(SolutionProperties) = preSolution
		HideSolutionNode = FALSE
	EndGlobalSection
	GlobalSection(ExtensibilityGlobals) = postSolution
		SolutionGuid = {8EA7C1B8-286A-405D-B0A4-B139B17C1AA7}
	EndGlobalSection
EndGlobal
